// !$*UTF8*$!
{
	archiveVersion = 1;
	classes = {
	};
	objectVersion = 46;
	objects = {

/* Begin PBXBuildFile section */
		722E370D14D9D46600A0508C /* Foundation.framework in Frameworks */ = {isa = PBXBuildFile; fileRef = 722E370C14D9D46600A0508C /* Foundation.framework */; };
		722E370F14D9D46600A0508C /* UIKit.framework in Frameworks */ = {isa = PBXBuildFile; fileRef = 722E370E14D9D46600A0508C /* UIKit.framework */; };
		722E371114D9D46600A0508C /* CoreGraphics.framework in Frameworks */ = {isa = PBXBuildFile; fileRef = 722E371014D9D46600A0508C /* CoreGraphics.framework */; };
		722E371314D9D46600A0508C /* AddressBook.framework in Frameworks */ = {isa = PBXBuildFile; fileRef = 722E371214D9D46600A0508C /* AddressBook.framework */; };
		722E371514D9D46600A0508C /* AddressBookUI.framework in Frameworks */ = {isa = PBXBuildFile; fileRef = 722E371414D9D46600A0508C /* AddressBookUI.framework */; };
		722E371714D9D46600A0508C /* AudioToolbox.framework in Frameworks */ = {isa = PBXBuildFile; fileRef = 722E371614D9D46600A0508C /* AudioToolbox.framework */; };
		722E371914D9D46600A0508C /* AVFoundation.framework in Frameworks */ = {isa = PBXBuildFile; fileRef = 722E371814D9D46600A0508C /* AVFoundation.framework */; };
		722E371B14D9D46600A0508C /* CoreLocation.framework in Frameworks */ = {isa = PBXBuildFile; fileRef = 722E371A14D9D46600A0508C /* CoreLocation.framework */; };
		722E371D14D9D46600A0508C /* MediaPlayer.framework in Frameworks */ = {isa = PBXBuildFile; fileRef = 722E371C14D9D46600A0508C /* MediaPlayer.framework */; };
		722E371F14D9D46600A0508C /* QuartzCore.framework in Frameworks */ = {isa = PBXBuildFile; fileRef = 722E371E14D9D46600A0508C /* QuartzCore.framework */; };
		722E372114D9D46600A0508C /* SystemConfiguration.framework in Frameworks */ = {isa = PBXBuildFile; fileRef = 722E372014D9D46600A0508C /* SystemConfiguration.framework */; };
		722E372314D9D46600A0508C /* MobileCoreServices.framework in Frameworks */ = {isa = PBXBuildFile; fileRef = 722E372214D9D46600A0508C /* MobileCoreServices.framework */; };
		722E372514D9D46600A0508C /* CoreMedia.framework in Frameworks */ = {isa = PBXBuildFile; fileRef = 722E372414D9D46600A0508C /* CoreMedia.framework */; };
		722E372B14D9D46600A0508C /* InfoPlist.strings in Resources */ = {isa = PBXBuildFile; fileRef = 722E372914D9D46600A0508C /* InfoPlist.strings */; };
		722E372D14D9D46600A0508C /* main.m in Sources */ = {isa = PBXBuildFile; fileRef = 722E372C14D9D46600A0508C /* main.m */; };
		722E373014D9D46600A0508C /* PhoneGap.framework in Frameworks */ = {isa = PBXBuildFile; fileRef = 722E372F14D9D46600A0508C /* PhoneGap.framework */; };
		722E373514D9D46600A0508C /* Localizable.strings in Resources */ = {isa = PBXBuildFile; fileRef = 722E373314D9D46600A0508C /* Localizable.strings */; };
		722E373914D9D46600A0508C /* Localizable.strings in Resources */ = {isa = PBXBuildFile; fileRef = 722E373714D9D46600A0508C /* Localizable.strings */; };
		722E373C14D9D46600A0508C /* icon.png in Resources */ = {isa = PBXBuildFile; fileRef = 722E373B14D9D46600A0508C /* icon.png */; };
		722E373E14D9D46600A0508C /* icon@2x.png in Resources */ = {isa = PBXBuildFile; fileRef = 722E373D14D9D46600A0508C /* icon@2x.png */; };
		722E374014D9D46600A0508C /* icon-72.png in Resources */ = {isa = PBXBuildFile; fileRef = 722E373F14D9D46600A0508C /* icon-72.png */; };
		722E374314D9D46600A0508C /* Default.png in Resources */ = {isa = PBXBuildFile; fileRef = 722E374214D9D46600A0508C /* Default.png */; };
		722E374514D9D46600A0508C /* Default@2x.png in Resources */ = {isa = PBXBuildFile; fileRef = 722E374414D9D46600A0508C /* Default@2x.png */; };
		722E374714D9D46600A0508C /* Capture.bundle in Resources */ = {isa = PBXBuildFile; fileRef = 722E374614D9D46600A0508C /* Capture.bundle */; };
		722E374914D9D46600A0508C /* PhoneGap.plist in Resources */ = {isa = PBXBuildFile; fileRef = 722E374814D9D46600A0508C /* PhoneGap.plist */; };
		722E374D14D9D46600A0508C /* AppDelegate.m in Sources */ = {isa = PBXBuildFile; fileRef = 722E374C14D9D46600A0508C /* AppDelegate.m */; };
		722E375014D9D46600A0508C /* MainViewController.m in Sources */ = {isa = PBXBuildFile; fileRef = 722E374F14D9D46600A0508C /* MainViewController.m */; };
		722E375214D9D46600A0508C /* MainViewController.xib in Resources */ = {isa = PBXBuildFile; fileRef = 722E375114D9D46600A0508C /* MainViewController.xib */; };
		722E375B14D9D4F500A0508C /* www in Resources */ = {isa = PBXBuildFile; fileRef = 722E375A14D9D4F500A0508C /* www */; };
/* End PBXBuildFile section */

/* Begin PBXFileReference section */
		722E370814D9D46600A0508C /* ODataViewer.app */ = {isa = PBXFileReference; explicitFileType = wrapper.application; includeInIndex = 0; path = ODataViewer.app; sourceTree = BUILT_PRODUCTS_DIR; };
		722E370C14D9D46600A0508C /* Foundation.framework */ = {isa = PBXFileReference; lastKnownFileType = wrapper.framework; name = Foundation.framework; path = System/Library/Frameworks/Foundation.framework; sourceTree = SDKROOT; };
		722E370E14D9D46600A0508C /* UIKit.framework */ = {isa = PBXFileReference; lastKnownFileType = wrapper.framework; name = UIKit.framework; path = System/Library/Frameworks/UIKit.framework; sourceTree = SDKROOT; };
		722E371014D9D46600A0508C /* CoreGraphics.framework */ = {isa = PBXFileReference; lastKnownFileType = wrapper.framework; name = CoreGraphics.framework; path = System/Library/Frameworks/CoreGraphics.framework; sourceTree = SDKROOT; };
		722E371214D9D46600A0508C /* AddressBook.framework */ = {isa = PBXFileReference; lastKnownFileType = wrapper.framework; name = AddressBook.framework; path = System/Library/Frameworks/AddressBook.framework; sourceTree = SDKROOT; };
		722E371414D9D46600A0508C /* AddressBookUI.framework */ = {isa = PBXFileReference; lastKnownFileType = wrapper.framework; name = AddressBookUI.framework; path = System/Library/Frameworks/AddressBookUI.framework; sourceTree = SDKROOT; };
		722E371614D9D46600A0508C /* AudioToolbox.framework */ = {isa = PBXFileReference; lastKnownFileType = wrapper.framework; name = AudioToolbox.framework; path = System/Library/Frameworks/AudioToolbox.framework; sourceTree = SDKROOT; };
		722E371814D9D46600A0508C /* AVFoundation.framework */ = {isa = PBXFileReference; lastKnownFileType = wrapper.framework; name = AVFoundation.framework; path = System/Library/Frameworks/AVFoundation.framework; sourceTree = SDKROOT; };
		722E371A14D9D46600A0508C /* CoreLocation.framework */ = {isa = PBXFileReference; lastKnownFileType = wrapper.framework; name = CoreLocation.framework; path = System/Library/Frameworks/CoreLocation.framework; sourceTree = SDKROOT; };
		722E371C14D9D46600A0508C /* MediaPlayer.framework */ = {isa = PBXFileReference; lastKnownFileType = wrapper.framework; name = MediaPlayer.framework; path = System/Library/Frameworks/MediaPlayer.framework; sourceTree = SDKROOT; };
		722E371E14D9D46600A0508C /* QuartzCore.framework */ = {isa = PBXFileReference; lastKnownFileType = wrapper.framework; name = QuartzCore.framework; path = System/Library/Frameworks/QuartzCore.framework; sourceTree = SDKROOT; };
		722E372014D9D46600A0508C /* SystemConfiguration.framework */ = {isa = PBXFileReference; lastKnownFileType = wrapper.framework; name = SystemConfiguration.framework; path = System/Library/Frameworks/SystemConfiguration.framework; sourceTree = SDKROOT; };
		722E372214D9D46600A0508C /* MobileCoreServices.framework */ = {isa = PBXFileReference; lastKnownFileType = wrapper.framework; name = MobileCoreServices.framework; path = System/Library/Frameworks/MobileCoreServices.framework; sourceTree = SDKROOT; };
		722E372414D9D46600A0508C /* CoreMedia.framework */ = {isa = PBXFileReference; lastKnownFileType = wrapper.framework; name = CoreMedia.framework; path = System/Library/Frameworks/CoreMedia.framework; sourceTree = SDKROOT; };
		722E372814D9D46600A0508C /* ODataViewer-Info.plist */ = {isa = PBXFileReference; lastKnownFileType = text.plist.xml; path = "ODataViewer-Info.plist"; sourceTree = "<group>"; };
		722E372A14D9D46600A0508C /* en */ = {isa = PBXFileReference; lastKnownFileType = text.plist.strings; name = en; path = en.lproj/InfoPlist.strings; sourceTree = "<group>"; };
		722E372C14D9D46600A0508C /* main.m */ = {isa = PBXFileReference; lastKnownFileType = sourcecode.c.objc; path = main.m; sourceTree = "<group>"; };
		722E372E14D9D46600A0508C /* ODataViewer-Prefix.pch */ = {isa = PBXFileReference; lastKnownFileType = sourcecode.c.h; path = "ODataViewer-Prefix.pch"; sourceTree = "<group>"; };
		722E372F14D9D46600A0508C /* PhoneGap.framework */ = {isa = PBXFileReference; lastKnownFileType = wrapper.framework; name = PhoneGap.framework; path = /Users/Shared/PhoneGap/Frameworks/PhoneGap.framework; sourceTree = "<absolute>"; };
		722E373414D9D46600A0508C /* en */ = {isa = PBXFileReference; lastKnownFileType = text.plist.strings; name = en; path = Resources/en.lproj/Localizable.strings; sourceTree = "<group>"; };
		722E373814D9D46600A0508C /* es */ = {isa = PBXFileReference; lastKnownFileType = text.plist.strings; name = es; path = Resources/es.lproj/Localizable.strings; sourceTree = "<group>"; };
		722E373B14D9D46600A0508C /* icon.png */ = {isa = PBXFileReference; lastKnownFileType = image.png; name = icon.png; path = Resources/icons/icon.png; sourceTree = "<group>"; };
		722E373D14D9D46600A0508C /* icon@2x.png */ = {isa = PBXFileReference; lastKnownFileType = image.png; name = "icon@2x.png"; path = "Resources/icons/icon@2x.png"; sourceTree = "<group>"; };
		722E373F14D9D46600A0508C /* icon-72.png */ = {isa = PBXFileReference; lastKnownFileType = image.png; name = "icon-72.png"; path = "Resources/icons/icon-72.png"; sourceTree = "<group>"; };
		722E374214D9D46600A0508C /* Default.png */ = {isa = PBXFileReference; lastKnownFileType = image.png; name = Default.png; path = Resources/splash/Default.png; sourceTree = "<group>"; };
		722E374414D9D46600A0508C /* Default@2x.png */ = {isa = PBXFileReference; lastKnownFileType = image.png; name = "Default@2x.png"; path = "Resources/splash/Default@2x.png"; sourceTree = "<group>"; };
		722E374614D9D46600A0508C /* Capture.bundle */ = {isa = PBXFileReference; lastKnownFileType = "wrapper.plug-in"; name = Capture.bundle; path = Resources/Capture.bundle; sourceTree = "<group>"; };
		722E374814D9D46600A0508C /* PhoneGap.plist */ = {isa = PBXFileReference; lastKnownFileType = text.plist.xml; path = PhoneGap.plist; sourceTree = "<group>"; };
		722E374B14D9D46600A0508C /* AppDelegate.h */ = {isa = PBXFileReference; lastKnownFileType = sourcecode.c.h; name = AppDelegate.h; path = Classes/AppDelegate.h; sourceTree = "<group>"; };
		722E374C14D9D46600A0508C /* AppDelegate.m */ = {isa = PBXFileReference; lastKnownFileType = sourcecode.c.objc; name = AppDelegate.m; path = Classes/AppDelegate.m; sourceTree = "<group>"; };
		722E374E14D9D46600A0508C /* MainViewController.h */ = {isa = PBXFileReference; lastKnownFileType = sourcecode.c.h; name = MainViewController.h; path = Classes/MainViewController.h; sourceTree = "<group>"; };
		722E374F14D9D46600A0508C /* MainViewController.m */ = {isa = PBXFileReference; lastKnownFileType = sourcecode.c.objc; name = MainViewController.m; path = Classes/MainViewController.m; sourceTree = "<group>"; };
		722E375114D9D46600A0508C /* MainViewController.xib */ = {isa = PBXFileReference; lastKnownFileType = file.xib; name = MainViewController.xib; path = Classes/MainViewController.xib; sourceTree = "<group>"; };
		722E375414D9D46600A0508C /* README */ = {isa = PBXFileReference; lastKnownFileType = text; name = README; path = Plugins/README; sourceTree = "<group>"; };
		722E375A14D9D4F500A0508C /* www */ = {isa = PBXFileReference; lastKnownFileType = folder; path = www; sourceTree = "<group>"; };
/* End PBXFileReference section */

/* Begin PBXFrameworksBuildPhase section */
		722E370214D9D46600A0508C /* Frameworks */ = {
			isa = PBXFrameworksBuildPhase;
			buildActionMask = 2147483647;
			files = (
				722E370D14D9D46600A0508C /* Foundation.framework in Frameworks */,
				722E370F14D9D46600A0508C /* UIKit.framework in Frameworks */,
				722E371114D9D46600A0508C /* CoreGraphics.framework in Frameworks */,
				722E371314D9D46600A0508C /* AddressBook.framework in Frameworks */,
				722E371514D9D46600A0508C /* AddressBookUI.framework in Frameworks */,
				722E371714D9D46600A0508C /* AudioToolbox.framework in Frameworks */,
				722E371914D9D46600A0508C /* AVFoundation.framework in Frameworks */,
				722E371B14D9D46600A0508C /* CoreLocation.framework in Frameworks */,
				722E371D14D9D46600A0508C /* MediaPlayer.framework in Frameworks */,
				722E371F14D9D46600A0508C /* QuartzCore.framework in Frameworks */,
				722E372114D9D46600A0508C /* SystemConfiguration.framework in Frameworks */,
				722E372314D9D46600A0508C /* MobileCoreServices.framework in Frameworks */,
				722E372514D9D46600A0508C /* CoreMedia.framework in Frameworks */,
				722E373014D9D46600A0508C /* PhoneGap.framework in Frameworks */,
			);
			runOnlyForDeploymentPostprocessing = 0;
		};
		722E370514D9D46600A0508C /* Frameworks */ = {
			isa = PBXFrameworksBuildPhase;
			buildActionMask = 2147483647;
			files = (
			);
			runOnlyForDeploymentPostprocessing = 0;
		};
/* End PBXFrameworksBuildPhase section */

/* Begin PBXGroup section */
		722E36FA14D9D46600A0508C = {
			isa = PBXGroup;
			children = (
				722E375A14D9D4F500A0508C /* www */,
				722E372614D9D46600A0508C /* ODataViewer */,
				722E370B14D9D46600A0508C /* Frameworks */,
				722E370914D9D46600A0508C /* Products */,
			);
			sourceTree = "<group>";
		};
		722E370914D9D46600A0508C /* Products */ = {
			isa = PBXGroup;
			children = (
				722E370814D9D46600A0508C /* ODataViewer.app */,
			);
			name = Products;
			sourceTree = "<group>";
		};
		722E370B14D9D46600A0508C /* Frameworks */ = {
			isa = PBXGroup;
			children = (
				722E370C14D9D46600A0508C /* Foundation.framework */,
				722E370E14D9D46600A0508C /* UIKit.framework */,
				722E371014D9D46600A0508C /* CoreGraphics.framework */,
				722E371214D9D46600A0508C /* AddressBook.framework */,
				722E371414D9D46600A0508C /* AddressBookUI.framework */,
				722E371614D9D46600A0508C /* AudioToolbox.framework */,
				722E371814D9D46600A0508C /* AVFoundation.framework */,
				722E371A14D9D46600A0508C /* CoreLocation.framework */,
				722E371C14D9D46600A0508C /* MediaPlayer.framework */,
				722E371E14D9D46600A0508C /* QuartzCore.framework */,
				722E372014D9D46600A0508C /* SystemConfiguration.framework */,
				722E372214D9D46600A0508C /* MobileCoreServices.framework */,
				722E372414D9D46600A0508C /* CoreMedia.framework */,
			);
			name = Frameworks;
			sourceTree = "<group>";
		};
		722E372614D9D46600A0508C /* ODataViewer */ = {
			isa = PBXGroup;
			children = (
				722E372F14D9D46600A0508C /* PhoneGap.framework */,
				722E373114D9D46600A0508C /* Resources */,
				722E374A14D9D46600A0508C /* Classes */,
				722E375314D9D46600A0508C /* Plugins */,
				722E372714D9D46600A0508C /* Supporting Files */,
			);
			path = ODataViewer;
			sourceTree = "<group>";
		};
		722E372714D9D46600A0508C /* Supporting Files */ = {
			isa = PBXGroup;
			children = (
				722E372814D9D46600A0508C /* ODataViewer-Info.plist */,
				722E372914D9D46600A0508C /* InfoPlist.strings */,
				722E372C14D9D46600A0508C /* main.m */,
				722E372E14D9D46600A0508C /* ODataViewer-Prefix.pch */,
				722E374814D9D46600A0508C /* PhoneGap.plist */,
				722E375114D9D46600A0508C /* MainViewController.xib */,
			);
			name = "Supporting Files";
			sourceTree = "<group>";
		};
		722E373114D9D46600A0508C /* Resources */ = {
			isa = PBXGroup;
			children = (
				722E374614D9D46600A0508C /* Capture.bundle */,
				722E373214D9D46600A0508C /* en.lproj */,
				722E373614D9D46600A0508C /* es.lproj */,
				722E373A14D9D46600A0508C /* icons */,
				722E374114D9D46600A0508C /* splash */,
			);
			name = Resources;
			sourceTree = "<group>";
		};
		722E373214D9D46600A0508C /* en.lproj */ = {
			isa = PBXGroup;
			children = (
				722E373314D9D46600A0508C /* Localizable.strings */,
			);
			name = en.lproj;
			sourceTree = "<group>";
		};
		722E373614D9D46600A0508C /* es.lproj */ = {
			isa = PBXGroup;
			children = (
				722E373714D9D46600A0508C /* Localizable.strings */,
			);
			name = es.lproj;
			sourceTree = "<group>";
		};
		722E373A14D9D46600A0508C /* icons */ = {
			isa = PBXGroup;
			children = (
				722E373B14D9D46600A0508C /* icon.png */,
				722E373D14D9D46600A0508C /* icon@2x.png */,
				722E373F14D9D46600A0508C /* icon-72.png */,
			);
			name = icons;
			sourceTree = "<group>";
		};
		722E374114D9D46600A0508C /* splash */ = {
			isa = PBXGroup;
			children = (
				722E374214D9D46600A0508C /* Default.png */,
				722E374414D9D46600A0508C /* Default@2x.png */,
			);
			name = splash;
			sourceTree = "<group>";
		};
		722E374A14D9D46600A0508C /* Classes */ = {
			isa = PBXGroup;
			children = (
				722E374B14D9D46600A0508C /* AppDelegate.h */,
				722E374C14D9D46600A0508C /* AppDelegate.m */,
				722E374E14D9D46600A0508C /* MainViewController.h */,
				722E374F14D9D46600A0508C /* MainViewController.m */,
			);
			name = Classes;
			sourceTree = "<group>";
		};
		722E375314D9D46600A0508C /* Plugins */ = {
			isa = PBXGroup;
			children = (
				722E375414D9D46600A0508C /* README */,
			);
			name = Plugins;
			sourceTree = "<group>";
		};
/* End PBXGroup section */

/* Begin PBXNativeTarget section */
		722E370714D9D46600A0508C /* ODataViewer */ = {
			isa = PBXNativeTarget;
			buildConfigurationList = 722E375714D9D46600A0508C /* Build configuration list for PBXNativeTarget "ODataViewer" */;
			buildPhases = (
				722E370114D9D46600A0508C /* Sources */,
				722E370214D9D46600A0508C /* Frameworks */,
				722E370314D9D46600A0508C /* Resources */,
				722E370414D9D46600A0508C /* Sources */,
				722E370514D9D46600A0508C /* Frameworks */,
				722E370614D9D46600A0508C /* ShellScript */,
				724BAF9A14E07A680060D859 /* ShellScript */,
			);
			buildRules = (
			);
			dependencies = (
			);
			name = ODataViewer;
			productName = ODataViewer;
			productReference = 722E370814D9D46600A0508C /* ODataViewer.app */;
			productType = "com.apple.product-type.application";
		};
/* End PBXNativeTarget section */

/* Begin PBXProject section */
		722E36FC14D9D46600A0508C /* Project object */ = {
			isa = PBXProject;
			attributes = {
				LastUpgradeCheck = 0420;
			};
			buildConfigurationList = 722E36FF14D9D46600A0508C /* Build configuration list for PBXProject "ODataViewer" */;
			compatibilityVersion = "Xcode 3.2";
			developmentRegion = English;
			hasScannedForEncodings = 0;
			knownRegions = (
				en,
				es,
			);
			mainGroup = 722E36FA14D9D46600A0508C;
			productRefGroup = 722E370914D9D46600A0508C /* Products */;
			projectDirPath = "";
			projectRoot = "";
			targets = (
				722E370714D9D46600A0508C /* ODataViewer */,
			);
		};
/* End PBXProject section */

/* Begin PBXResourcesBuildPhase section */
		722E370314D9D46600A0508C /* Resources */ = {
			isa = PBXResourcesBuildPhase;
			buildActionMask = 2147483647;
			files = (
				722E372B14D9D46600A0508C /* InfoPlist.strings in Resources */,
				722E373514D9D46600A0508C /* Localizable.strings in Resources */,
				722E373914D9D46600A0508C /* Localizable.strings in Resources */,
				722E373C14D9D46600A0508C /* icon.png in Resources */,
				722E373E14D9D46600A0508C /* icon@2x.png in Resources */,
				722E374014D9D46600A0508C /* icon-72.png in Resources */,
				722E374314D9D46600A0508C /* Default.png in Resources */,
				722E374514D9D46600A0508C /* Default@2x.png in Resources */,
				722E374714D9D46600A0508C /* Capture.bundle in Resources */,
				722E374914D9D46600A0508C /* PhoneGap.plist in Resources */,
				722E375214D9D46600A0508C /* MainViewController.xib in Resources */,
				722E375B14D9D4F500A0508C /* www in Resources */,
			);
			runOnlyForDeploymentPostprocessing = 0;
		};
/* End PBXResourcesBuildPhase section */

/* Begin PBXShellScriptBuildPhase section */
		722E370614D9D46600A0508C /* ShellScript */ = {
			isa = PBXShellScriptBuildPhase;
			buildActionMask = 2147483647;
			files = (
			);
			inputPaths = (
			);
			outputPaths = (
			);
			runOnlyForDeploymentPostprocessing = 0;
			shellPath = /bin/bash;
			shellScript = "\n\t\t\t\t\t\t\t\tif [ ! -d \"$PROJECT_DIR/www\" ] ; then\n\t\t\t\t\t\t\t\t\tcp -R /Users/Shared/PhoneGap/Frameworks/PhoneGap.framework/www \"$PROJECT_DIR\"\n\t\t\t\t\t\t\t\tfi\n\t\t\t\t\t\t\t\t# detect www folder reference in project, if missing, print warning\n\t\t\t\t\t\t\t\tgrep \"{isa = PBXFileReference; lastKnownFileType = folder; path = www; sourceTree = \\\"<group>\\\"; };\" \"$PROJECT_DIR/$PROJECT_NAME.xcodeproj/project.pbxproj\"\n\t\t\t\t\t\t\t\trc=$? \n\t\t\t\t\t\t\t\tif [ $rc != 0 ] ; then\n\t\t\t\t\t\t\t\techo -e \"warning: Missing - Add $PROJECT_DIR/www as a folder reference in your project. Just drag and drop the folder into your project, into the Project Navigator of Xcode 4. Make sure you select the second radio-button: 'Create folder references for any added folders' (which will create a blue folder)\" 1>&2\n\t\t\t\t\t\t\t\tfi\t\t\t\t\t\t\t";
		};
		724BAF9A14E07A680060D859 /* ShellScript */ = {
			isa = PBXShellScriptBuildPhase;
			buildActionMask = 2147483647;
			files = (
			);
			inputPaths = (
			);
			outputPaths = (
			);
			runOnlyForDeploymentPostprocessing = 0;
			shellPath = /bin/bash;
			shellScript = "hash uglifyjs 2>&- || { echo >&2 \"uglifyjs not found.\"; exit 0; }\n    \nWWWFOLDER=\"$PROJECT_DIR/www\"\n\ncat $WWWFOLDER/app/vendor/*.js | uglifyjs -o $WWWFOLDER/app/vendor.js";
		};
/* End PBXShellScriptBuildPhase section */

/* Begin PBXSourcesBuildPhase section */
		722E370114D9D46600A0508C /* Sources */ = {
			isa = PBXSourcesBuildPhase;
			buildActionMask = 2147483647;
			files = (
				722E372D14D9D46600A0508C /* main.m in Sources */,
				722E374D14D9D46600A0508C /* AppDelegate.m in Sources */,
				722E375014D9D46600A0508C /* MainViewController.m in Sources */,
			);
			runOnlyForDeploymentPostprocessing = 0;
		};
		722E370414D9D46600A0508C /* Sources */ = {
			isa = PBXSourcesBuildPhase;
			buildActionMask = 2147483647;
			files = (
			);
			runOnlyForDeploymentPostprocessing = 0;
		};
/* End PBXSourcesBuildPhase section */

/* Begin PBXVariantGroup section */
		722E372914D9D46600A0508C /* InfoPlist.strings */ = {
			isa = PBXVariantGroup;
			children = (
				722E372A14D9D46600A0508C /* en */,
			);
			name = InfoPlist.strings;
			sourceTree = "<group>";
		};
		722E373314D9D46600A0508C /* Localizable.strings */ = {
			isa = PBXVariantGroup;
			children = (
				722E373414D9D46600A0508C /* en */,
			);
			name = Localizable.strings;
			sourceTree = "<group>";
		};
		722E373714D9D46600A0508C /* Localizable.strings */ = {
			isa = PBXVariantGroup;
			children = (
				722E373814D9D46600A0508C /* es */,
			);
			name = Localizable.strings;
			sourceTree = "<group>";
		};
/* End PBXVariantGroup section */

/* Begin XCBuildConfiguration section */
		722E375514D9D46600A0508C /* Debug */ = {
			isa = XCBuildConfiguration;
			buildSettings = {
				ALWAYS_SEARCH_USER_PATHS = NO;
				ARCHS = "$(ARCHS_STANDARD_32_BIT)";
				CLANG_ENABLE_OBJC_ARC = YES;
				"CODE_SIGN_IDENTITY[sdk=iphoneos*]" = "iPhone Developer";
				COPY_PHASE_STRIP = NO;
				GCC_C_LANGUAGE_STANDARD = gnu99;
				GCC_DYNAMIC_NO_PIC = NO;
				GCC_OPTIMIZATION_LEVEL = 0;
				GCC_PREPROCESSOR_DEFINITIONS = (
					"DEBUG=1",
					"$(inherited)",
				);
				GCC_SYMBOLS_PRIVATE_EXTERN = NO;
				GCC_VERSION = com.apple.compilers.llvmgcc42;
				GCC_WARN_ABOUT_MISSING_PROTOTYPES = YES;
				GCC_WARN_ABOUT_RETURN_TYPE = YES;
				GCC_WARN_UNUSED_VARIABLE = YES;
				IPHONEOS_DEPLOYMENT_TARGET = 5.0;
				SDKROOT = iphoneos;
			};
			name = Debug;
		};
		722E375614D9D46600A0508C /* Release */ = {
			isa = XCBuildConfiguration;
			buildSettings = {
				ALWAYS_SEARCH_USER_PATHS = NO;
				ARCHS = "$(ARCHS_STANDARD_32_BIT)";
				CLANG_ENABLE_OBJC_ARC = YES;
				"CODE_SIGN_IDENTITY[sdk=iphoneos*]" = "iPhone Developer";
				COPY_PHASE_STRIP = YES;
				GCC_C_LANGUAGE_STANDARD = gnu99;
				GCC_VERSION = com.apple.compilers.llvmgcc42;
				GCC_WARN_ABOUT_MISSING_PROTOTYPES = YES;
				GCC_WARN_ABOUT_RETURN_TYPE = YES;
				GCC_WARN_UNUSED_VARIABLE = YES;
				IPHONEOS_DEPLOYMENT_TARGET = 5.0;
				SDKROOT = iphoneos;
				VALIDATE_PRODUCT = YES;
			};
			name = Release;
		};
		722E375814D9D46600A0508C /* Debug */ = {
			isa = XCBuildConfiguration;
			buildSettings = {
				ALWAYS_SEARCH_USER_PATHS = YES;
				COPY_PHASE_STRIP = NO;
				FRAMEWORK_SEARCH_PATHS = /Users/Shared/PhoneGap/Frameworks;
				GCC_DYNAMIC_NO_PIC = NO;
				GCC_PRECOMPILE_PREFIX_HEADER = YES;
				GCC_PREFIX_HEADER = "ODataViewer/ODataViewer-Prefix.pch";
				GCC_PREPROCESSOR_DEFINITIONS = "PHONEGAP_FRAMEWORK=YES";
				INFOPLIST_FILE = "ODataViewer/ODataViewer-Info.plist";
				IPHONEOS_DEPLOYMENT_TARGET = 5.0;
				OTHER_LDFLAGS = (
					"-weak_framework",
					UIKit,
					"-weak_framework",
					AVFoundation,
					"-weak_framework",
					CoreMedia,
					"-weak_library",
					/usr/lib/libSystem.B.dylib,
				);
				PRODUCT_NAME = "$(TARGET_NAME)";
				TARGETED_DEVICE_FAMILY = "1,2";
				WRAPPER_EXTENSION = app;
			};
			name = Debug;
		};
		722E375914D9D46600A0508C /* Release */ = {
			isa = XCBuildConfiguration;
			buildSettings = {
				ALWAYS_SEARCH_USER_PATHS = YES;
				COPY_PHASE_STRIP = YES;
				DEBUG_INFORMATION_FORMAT = "dwarf-with-dsym";
				FRAMEWORK_SEARCH_PATHS = /Users/Shared/PhoneGap/Frameworks;
				GCC_PRECOMPILE_PREFIX_HEADER = YES;
				GCC_PREFIX_HEADER = "ODataViewer/ODataViewer-Prefix.pch";
				GCC_PREPROCESSOR_DEFINITIONS = "PHONEGAP_FRAMEWORK=YES";
				INFOPLIST_FILE = "ODataViewer/ODataViewer-Info.plist";
				IPHONEOS_DEPLOYMENT_TARGET = 5.0;
				OTHER_LDFLAGS = (
					"-weak_framework",
					UIKit,
					"-weak_framework",
					AVFoundation,
					"-weak_framework",
					CoreMedia,
					"-weak_library",
					/usr/lib/libSystem.B.dylib,
				);
				PRODUCT_NAME = "$(TARGET_NAME)";
				TARGETED_DEVICE_FAMILY = "1,2";
				VALIDATE_PRODUCT = YES;
				WRAPPER_EXTENSION = app;
			};
			name = Release;
		};
/* End XCBuildConfiguration section */

/* Begin XCConfigurationList section */
		722E36FF14D9D46600A0508C /* Build configuration list for PBXProject "ODataViewer" */ = {
			isa = XCConfigurationList;
			buildConfigurations = (
				722E375514D9D46600A0508C /* Debug */,
				722E375614D9D46600A0508C /* Release */,
			);
			defaultConfigurationIsVisible = 0;
			defaultConfigurationName = Release;
		};
		722E375714D9D46600A0508C /* Build configuration list for PBXNativeTarget "ODataViewer" */ = {
			isa = XCConfigurationList;
			buildConfigurations = (
				722E375814D9D46600A0508C /* Debug */,
				722E375914D9D46600A0508C /* Release */,
			);
			defaultConfigurationIsVisible = 0;
			defaultConfigurationName = Release;
		};
/* End XCConfigurationList section */
	};
	rootObject = 722E36FC14D9D46600A0508C /* Project object */;
}
